// !$*UTF8*$!
{
	archiveVersion = 1;
	classes = {
	};
	objectVersion = 48;
	objects = {

/* Begin PBXBuildFile section */
		9A4E170C2062DA020004AD98 /* AppDelegate.swift in Sources */ = {isa = PBXBuildFile; fileRef = 9A4E170B2062DA020004AD98 /* AppDelegate.swift */; };
		9A4E170E2062DA020004AD98 /* MainForecastViewController.swift in Sources */ = {isa = PBXBuildFile; fileRef = 9A4E170D2062DA020004AD98 /* MainForecastViewController.swift */; };
		9A4E17112062DA020004AD98 /* Main.storyboard in Resources */ = {isa = PBXBuildFile; fileRef = 9A4E170F2062DA020004AD98 /* Main.storyboard */; };
		9A4E17132062DA020004AD98 /* Assets.xcassets in Resources */ = {isa = PBXBuildFile; fileRef = 9A4E17122062DA020004AD98 /* Assets.xcassets */; };
		9A4E17162062DA020004AD98 /* LaunchScreen.storyboard in Resources */ = {isa = PBXBuildFile; fileRef = 9A4E17142062DA020004AD98 /* LaunchScreen.storyboard */; };
		9A4E171E20630C0A0004AD98 /* WeatherService.swift in Sources */ = {isa = PBXBuildFile; fileRef = 9A4E171D20630C0A0004AD98 /* WeatherService.swift */; };
		9A4E172020630C150004AD98 /* LocationService.swift in Sources */ = {isa = PBXBuildFile; fileRef = 9A4E171F20630C150004AD98 /* LocationService.swift */; };
		9A4E172220630C8F0004AD98 /* CurrentWeather.swift in Sources */ = {isa = PBXBuildFile; fileRef = 9A4E172120630C8F0004AD98 /* CurrentWeather.swift */; };
		9A85F78120694E1100A03DFD /* ForecastService.swift in Sources */ = {isa = PBXBuildFile; fileRef = 9A85F78020694E1100A03DFD /* ForecastService.swift */; };
		9AA19C0F20642CD9003D1167 /* WeatherPresenter.swift in Sources */ = {isa = PBXBuildFile; fileRef = 9AA19C0E20642CD9003D1167 /* WeatherPresenter.swift */; };
		9AA19C1120643384003D1167 /* APIKeys.swift in Sources */ = {isa = PBXBuildFile; fileRef = 9AA19C1020643384003D1167 /* APIKeys.swift */; };
		9AD615802063C4C20092C19D /* LocationCoordinates.swift in Sources */ = {isa = PBXBuildFile; fileRef = 9AD6157F2063C4C20092C19D /* LocationCoordinates.swift */; };
		B3AA43B5BA6E65E2ED144190 /* Pods_WeatherApp.framework in Frameworks */ = {isa = PBXBuildFile; fileRef = F3A3F0B5B0C9712D4FF8CD31 /* Pods_WeatherApp.framework */; };
/* End PBXBuildFile section */

/* Begin PBXFileReference section */
		42541A209691C12FACC95324 /* Pods-WeatherApp.debug.xcconfig */ = {isa = PBXFileReference; includeInIndex = 1; lastKnownFileType = text.xcconfig; name = "Pods-WeatherApp.debug.xcconfig"; path = "Pods/Target Support Files/Pods-WeatherApp/Pods-WeatherApp.debug.xcconfig"; sourceTree = "<group>"; };
		6A78B51494EB3E4725E22F94 /* Pods-WeatherApp.release.xcconfig */ = {isa = PBXFileReference; includeInIndex = 1; lastKnownFileType = text.xcconfig; name = "Pods-WeatherApp.release.xcconfig"; path = "Pods/Target Support Files/Pods-WeatherApp/Pods-WeatherApp.release.xcconfig"; sourceTree = "<group>"; };
		9A4E17082062DA020004AD98 /* WeatherApp.app */ = {isa = PBXFileReference; explicitFileType = wrapper.application; includeInIndex = 0; path = WeatherApp.app; sourceTree = BUILT_PRODUCTS_DIR; };
		9A4E170B2062DA020004AD98 /* AppDelegate.swift */ = {isa = PBXFileReference; lastKnownFileType = sourcecode.swift; path = AppDelegate.swift; sourceTree = "<group>"; };
		9A4E170D2062DA020004AD98 /* MainForecastViewController.swift */ = {isa = PBXFileReference; lastKnownFileType = sourcecode.swift; path = MainForecastViewController.swift; sourceTree = "<group>"; };
		9A4E17102062DA020004AD98 /* Base */ = {isa = PBXFileReference; lastKnownFileType = file.storyboard; name = Base; path = Base.lproj/Main.storyboard; sourceTree = "<group>"; };
		9A4E17122062DA020004AD98 /* Assets.xcassets */ = {isa = PBXFileReference; lastKnownFileType = folder.assetcatalog; path = Assets.xcassets; sourceTree = "<group>"; };
		9A4E17152062DA020004AD98 /* Base */ = {isa = PBXFileReference; lastKnownFileType = file.storyboard; name = Base; path = Base.lproj/LaunchScreen.storyboard; sourceTree = "<group>"; };
		9A4E17172062DA020004AD98 /* Info.plist */ = {isa = PBXFileReference; lastKnownFileType = text.plist.xml; path = Info.plist; sourceTree = "<group>"; };
		9A4E171D20630C0A0004AD98 /* WeatherService.swift */ = {isa = PBXFileReference; lastKnownFileType = sourcecode.swift; path = WeatherService.swift; sourceTree = "<group>"; };
		9A4E171F20630C150004AD98 /* LocationService.swift */ = {isa = PBXFileReference; lastKnownFileType = sourcecode.swift; path = LocationService.swift; sourceTree = "<group>"; };
		9A4E172120630C8F0004AD98 /* CurrentWeather.swift */ = {isa = PBXFileReference; lastKnownFileType = sourcecode.swift; path = CurrentWeather.swift; sourceTree = "<group>"; };
		9A85F78020694E1100A03DFD /* ForecastService.swift */ = {isa = PBXFileReference; lastKnownFileType = sourcecode.swift; path = ForecastService.swift; sourceTree = "<group>"; };
		9AA19C0E20642CD9003D1167 /* WeatherPresenter.swift */ = {isa = PBXFileReference; lastKnownFileType = sourcecode.swift; path = WeatherPresenter.swift; sourceTree = "<group>"; };
		9AA19C1020643384003D1167 /* APIKeys.swift */ = {isa = PBXFileReference; lastKnownFileType = sourcecode.swift; path = APIKeys.swift; sourceTree = "<group>"; };
		9AD6157F2063C4C20092C19D /* LocationCoordinates.swift */ = {isa = PBXFileReference; lastKnownFileType = sourcecode.swift; path = LocationCoordinates.swift; sourceTree = "<group>"; };
		F3A3F0B5B0C9712D4FF8CD31 /* Pods_WeatherApp.framework */ = {isa = PBXFileReference; explicitFileType = wrapper.framework; includeInIndex = 0; path = Pods_WeatherApp.framework; sourceTree = BUILT_PRODUCTS_DIR; };
/* End PBXFileReference section */

/* Begin PBXFrameworksBuildPhase section */
		9A4E17052062DA020004AD98 /* Frameworks */ = {
			isa = PBXFrameworksBuildPhase;
			buildActionMask = 2147483647;
			files = (
				B3AA43B5BA6E65E2ED144190 /* Pods_WeatherApp.framework in Frameworks */,
			);
			runOnlyForDeploymentPostprocessing = 0;
		};
/* End PBXFrameworksBuildPhase section */

/* Begin PBXGroup section */
		27D623BFA2FEC410DCEE22F8 /* Pods */ = {
			isa = PBXGroup;
			children = (
				42541A209691C12FACC95324 /* Pods-WeatherApp.debug.xcconfig */,
				6A78B51494EB3E4725E22F94 /* Pods-WeatherApp.release.xcconfig */,
			);
			name = Pods;
			sourceTree = "<group>";
		};
		9A4E16FF2062DA020004AD98 = {
			isa = PBXGroup;
			children = (
				9A4E170A2062DA020004AD98 /* WeatherApp */,
				9A4E17092062DA020004AD98 /* Products */,
				27D623BFA2FEC410DCEE22F8 /* Pods */,
				9A677A1E003F7007B6E5493C /* Frameworks */,
			);
			sourceTree = "<group>";
		};
		9A4E17092062DA020004AD98 /* Products */ = {
			isa = PBXGroup;
			children = (
				9A4E17082062DA020004AD98 /* WeatherApp.app */,
			);
			name = Products;
			sourceTree = "<group>";
		};
		9A4E170A2062DA020004AD98 /* WeatherApp */ = {
			isa = PBXGroup;
			children = (
				9A4E170B2062DA020004AD98 /* AppDelegate.swift */,
				9A4E170D2062DA020004AD98 /* MainForecastViewController.swift */,
				9A85F78020694E1100A03DFD /* ForecastService.swift */,
				9A4E170F2062DA020004AD98 /* Main.storyboard */,
				9A4E17122062DA020004AD98 /* Assets.xcassets */,
				9A4E17142062DA020004AD98 /* LaunchScreen.storyboard */,
				9A4E17172062DA020004AD98 /* Info.plist */,
				9A4E171D20630C0A0004AD98 /* WeatherService.swift */,
				9A4E171F20630C150004AD98 /* LocationService.swift */,
				9A4E172120630C8F0004AD98 /* CurrentWeather.swift */,
				9AD6157F2063C4C20092C19D /* LocationCoordinates.swift */,
				9AA19C0E20642CD9003D1167 /* WeatherPresenter.swift */,
				9AA19C1020643384003D1167 /* APIKeys.swift */,
			);
			path = WeatherApp;
			sourceTree = "<group>";
		};
		9A677A1E003F7007B6E5493C /* Frameworks */ = {
			isa = PBXGroup;
			children = (
				F3A3F0B5B0C9712D4FF8CD31 /* Pods_WeatherApp.framework */,
			);
			name = Frameworks;
			sourceTree = "<group>";
		};
/* End PBXGroup section */

/* Begin PBXNativeTarget section */
		9A4E17072062DA020004AD98 /* WeatherApp */ = {
			isa = PBXNativeTarget;
			buildConfigurationList = 9A4E171A2062DA020004AD98 /* Build configuration list for PBXNativeTarget "WeatherApp" */;
			buildPhases = (
				21D2305ADFDA5068D97CC2EB /* [CP] Check Pods Manifest.lock */,
				9A4E17042062DA020004AD98 /* Sources */,
				9A4E17052062DA020004AD98 /* Frameworks */,
				9A4E17062062DA020004AD98 /* Resources */,
				5131785A64EB47E2D9C7CB10 /* [CP] Embed Pods Frameworks */,
				3ECB8009C5A806FB476C2057 /* [CP] Copy Pods Resources */,
			);
			buildRules = (
			);
			dependencies = (
			);
			name = WeatherApp;
			productName = WeatherApp;
			productReference = 9A4E17082062DA020004AD98 /* WeatherApp.app */;
			productType = "com.apple.product-type.application";
		};
/* End PBXNativeTarget section */

/* Begin PBXProject section */
		9A4E17002062DA020004AD98 /* Project object */ = {
			isa = PBXProject;
			attributes = {
				LastSwiftUpdateCheck = 0920;
				LastUpgradeCheck = 0920;
				ORGANIZATIONNAME = "Robert Kuraj";
				TargetAttributes = {
					9A4E17072062DA020004AD98 = {
						CreatedOnToolsVersion = 9.2;
						ProvisioningStyle = Automatic;
					};
				};
			};
			buildConfigurationList = 9A4E17032062DA020004AD98 /* Build configuration list for PBXProject "WeatherApp" */;
			compatibilityVersion = "Xcode 8.0";
			developmentRegion = en;
			hasScannedForEncodings = 0;
			knownRegions = (
				en,
				Base,
			);
			mainGroup = 9A4E16FF2062DA020004AD98;
			productRefGroup = 9A4E17092062DA020004AD98 /* Products */;
			projectDirPath = "";
			projectRoot = "";
			targets = (
				9A4E17072062DA020004AD98 /* WeatherApp */,
			);
		};
/* End PBXProject section */

/* Begin PBXResourcesBuildPhase section */
		9A4E17062062DA020004AD98 /* Resources */ = {
			isa = PBXResourcesBuildPhase;
			buildActionMask = 2147483647;
			files = (
				9A4E17162062DA020004AD98 /* LaunchScreen.storyboard in Resources */,
				9A4E17132062DA020004AD98 /* Assets.xcassets in Resources */,
				9A4E17112062DA020004AD98 /* Main.storyboard in Resources */,
			);
			runOnlyForDeploymentPostprocessing = 0;
		};
/* End PBXResourcesBuildPhase section */

/* Begin PBXShellScriptBuildPhase section */
		21D2305ADFDA5068D97CC2EB /* [CP] Check Pods Manifest.lock */ = {
			isa = PBXShellScriptBuildPhase;
			buildActionMask = 2147483647;
			files = (
			);
			inputPaths = (
				"${PODS_PODFILE_DIR_PATH}/Podfile.lock",
				"${PODS_ROOT}/Manifest.lock",
			);
			name = "[CP] Check Pods Manifest.lock";
			outputPaths = (
				"$(DERIVED_FILE_DIR)/Pods-WeatherApp-checkManifestLockResult.txt",
			);
			runOnlyForDeploymentPostprocessing = 0;
			shellPath = /bin/sh;
			shellScript = "diff \"${PODS_PODFILE_DIR_PATH}/Podfile.lock\" \"${PODS_ROOT}/Manifest.lock\" > /dev/null\nif [ $? != 0 ] ; then\n    # print error to STDERR\n    echo \"error: The sandbox is not in sync with the Podfile.lock. Run 'pod install' or update your CocoaPods installation.\" >&2\n    exit 1\nfi\n# This output is used by Xcode 'outputs' to avoid re-running this script phase.\necho \"SUCCESS\" > \"${SCRIPT_OUTPUT_FILE_0}\"\n";
			showEnvVarsInLog = 0;
		};
		3ECB8009C5A806FB476C2057 /* [CP] Copy Pods Resources */ = {
			isa = PBXShellScriptBuildPhase;
			buildActionMask = 2147483647;
			files = (
			);
			inputPaths = (
			);
			name = "[CP] Copy Pods Resources";
			outputPaths = (
			);
			runOnlyForDeploymentPostprocessing = 0;
			shellPath = /bin/sh;
			shellScript = "\"${SRCROOT}/Pods/Target Support Files/Pods-WeatherApp/Pods-WeatherApp-resources.sh\"\n";
			showEnvVarsInLog = 0;
		};
		5131785A64EB47E2D9C7CB10 /* [CP] Embed Pods Frameworks */ = {
			isa = PBXShellScriptBuildPhase;
			buildActionMask = 2147483647;
			files = (
			);
			inputPaths = (
				"${SRCROOT}/Pods/Target Support Files/Pods-WeatherApp/Pods-WeatherApp-frameworks.sh",
				"${BUILT_PRODUCTS_DIR}/Alamofire/Alamofire.framework",
			);
			name = "[CP] Embed Pods Frameworks";
			outputPaths = (
				"${TARGET_BUILD_DIR}/${FRAMEWORKS_FOLDER_PATH}/Alamofire.framework",
			);
			runOnlyForDeploymentPostprocessing = 0;
			shellPath = /bin/sh;
			shellScript = "\"${SRCROOT}/Pods/Target Support Files/Pods-WeatherApp/Pods-WeatherApp-frameworks.sh\"\n";
			showEnvVarsInLog = 0;
		};
/* End PBXShellScriptBuildPhase section */

/* Begin PBXSourcesBuildPhase section */
		9A4E17042062DA020004AD98 /* Sources */ = {
			isa = PBXSourcesBuildPhase;
			buildActionMask = 2147483647;
			files = (
				9A4E170E2062DA020004AD98 /* MainForecastViewController.swift in Sources */,
				9A4E172220630C8F0004AD98 /* CurrentWeather.swift in Sources */,
				9AA19C0F20642CD9003D1167 /* WeatherPresenter.swift in Sources */,
				9A4E171E20630C0A0004AD98 /* WeatherService.swift in Sources */,
				9A4E172020630C150004AD98 /* LocationService.swift in Sources */,
				9A85F78120694E1100A03DFD /* ForecastService.swift in Sources */,
				9AA19C1120643384003D1167 /* APIKeys.swift in Sources */,
				9AD615802063C4C20092C19D /* LocationCoordinates.swift in Sources */,
				9A4E170C2062DA020004AD98 /* AppDelegate.swift in Sources */,
			);
			runOnlyForDeploymentPostprocessing = 0;
		};
/* End PBXSourcesBuildPhase section */

/* Begin PBXVariantGroup section */
		9A4E170F2062DA020004AD98 /* Main.storyboard */ = {
			isa = PBXVariantGroup;
			children = (
				9A4E17102062DA020004AD98 /* Base */,
			);
			name = Main.storyboard;
			sourceTree = "<group>";
		};
		9A4E17142062DA020004AD98 /* LaunchScreen.storyboard */ = {
			isa = PBXVariantGroup;
			children = (
				9A4E17152062DA020004AD98 /* Base */,
			);
			name = LaunchScreen.storyboard;
			sourceTree = "<group>";
		};
/* End PBXVariantGroup section */

/* Begin XCBuildConfiguration section */
		9A4E17182062DA020004AD98 /* Debug */ = {
			isa = XCBuildConfiguration;
			buildSettings = {
				ALWAYS_SEARCH_USER_PATHS = NO;
				CLANG_ANALYZER_NONNULL = YES;
				CLANG_ANALYZER_NUMBER_OBJECT_CONVERSION = YES_AGGRESSIVE;
				CLANG_CXX_LANGUAGE_STANDARD = "gnu++14";
				CLANG_CXX_LIBRARY = "libc++";
				CLANG_ENABLE_MODULES = YES;
				CLANG_ENABLE_OBJC_ARC = YES;
				CLANG_WARN_BLOCK_CAPTURE_AUTORELEASING = YES;
				CLANG_WARN_BOOL_CONVERSION = YES;
				CLANG_WARN_COMMA = YES;
				CLANG_WARN_CONSTANT_CONVERSION = YES;
				CLANG_WARN_DIRECT_OBJC_ISA_USAGE = YES_ERROR;
				CLANG_WARN_DOCUMENTATION_COMMENTS = YES;
				CLANG_WARN_EMPTY_BODY = YES;
				CLANG_WARN_ENUM_CONVERSION = YES;
				CLANG_WARN_INFINITE_RECURSION = YES;
				CLANG_WARN_INT_CONVERSION = YES;
				CLANG_WARN_NON_LITERAL_NULL_CONVERSION = YES;
				CLANG_WARN_OBJC_LITERAL_CONVERSION = YES;
				CLANG_WARN_OBJC_ROOT_CLASS = YES_ERROR;
				CLANG_WARN_RANGE_LOOP_ANALYSIS = YES;
				CLANG_WARN_STRICT_PROTOTYPES = YES;
				CLANG_WARN_SUSPICIOUS_MOVE = YES;
				CLANG_WARN_UNGUARDED_AVAILABILITY = YES_AGGRESSIVE;
				CLANG_WARN_UNREACHABLE_CODE = YES;
				CLANG_WARN__DUPLICATE_METHOD_MATCH = YES;
				CODE_SIGN_IDENTITY = "iPhone Developer";
				COPY_PHASE_STRIP = NO;
				DEBUG_INFORMATION_FORMAT = dwarf;
				ENABLE_STRICT_OBJC_MSGSEND = YES;
				ENABLE_TESTABILITY = YES;
				GCC_C_LANGUAGE_STANDARD = gnu11;
				GCC_DYNAMIC_NO_PIC = NO;
				GCC_NO_COMMON_BLOCKS = YES;
				GCC_OPTIMIZATION_LEVEL = 0;
				GCC_PREPROCESSOR_DEFINITIONS = (
					"DEBUG=1",
					"$(inherited)",
				);
				GCC_WARN_64_TO_32_BIT_CONVERSION = YES;
				GCC_WARN_ABOUT_RETURN_TYPE = YES_ERROR;
				GCC_WARN_UNDECLARED_SELECTOR = YES;
				GCC_WARN_UNINITIALIZED_AUTOS = YES_AGGRESSIVE;
				GCC_WARN_UNUSED_FUNCTION = YES;
				GCC_WARN_UNUSED_VARIABLE = YES;
				IPHONEOS_DEPLOYMENT_TARGET = 11.2;
				MTL_ENABLE_DEBUG_INFO = YES;
				ONLY_ACTIVE_ARCH = YES;
				SDKROOT = iphoneos;
				SWIFT_ACTIVE_COMPILATION_CONDITIONS = DEBUG;
				SWIFT_OPTIMIZATION_LEVEL = "-Onone";
			};
			name = Debug;
		};
		9A4E17192062DA020004AD98 /* Release */ = {
			isa = XCBuildConfiguration;
			buildSettings = {
				ALWAYS_SEARCH_USER_PATHS = NO;
				CLANG_ANALYZER_NONNULL = YES;
				CLANG_ANALYZER_NUMBER_OBJECT_CONVERSION = YES_AGGRESSIVE;
				CLANG_CXX_LANGUAGE_STANDARD = "gnu++14";
				CLANG_CXX_LIBRARY = "libc++";
				CLANG_ENABLE_MODULES = YES;
				CLANG_ENABLE_OBJC_ARC = YES;
				CLANG_WARN_BLOCK_CAPTURE_AUTORELEASING = YES;
				CLANG_WARN_BOOL_CONVERSION = YES;
				CLANG_WARN_COMMA = YES;
				CLANG_WARN_CONSTANT_CONVERSION = YES;
				CLANG_WARN_DIRECT_OBJC_ISA_USAGE = YES_ERROR;
				CLANG_WARN_DOCUMENTATION_COMMENTS = YES;
				CLANG_WARN_EMPTY_BODY = YES;
				CLANG_WARN_ENUM_CONVERSION = YES;
				CLANG_WARN_INFINITE_RECURSION = YES;
				CLANG_WARN_INT_CONVERSION = YES;
				CLANG_WARN_NON_LITERAL_NULL_CONVERSION = YES;
				CLANG_WARN_OBJC_LITERAL_CONVERSION = YES;
				CLANG_WARN_OBJC_ROOT_CLASS = YES_ERROR;
				CLANG_WARN_RANGE_LOOP_ANALYSIS = YES;
				CLANG_WARN_STRICT_PROTOTYPES = YES;
				CLANG_WARN_SUSPICIOUS_MOVE = YES;
				CLANG_WARN_UNGUARDED_AVAILABILITY = YES_AGGRESSIVE;
				CLANG_WARN_UNREACHABLE_CODE = YES;
				CLANG_WARN__DUPLICATE_METHOD_MATCH = YES;
				CODE_SIGN_IDENTITY = "iPhone Developer";
				COPY_PHASE_STRIP = NO;
				DEBUG_INFORMATION_FORMAT = "dwarf-with-dsym";
				ENABLE_NS_ASSERTIONS = NO;
				ENABLE_STRICT_OBJC_MSGSEND = YES;
				GCC_C_LANGUAGE_STANDARD = gnu11;
				GCC_NO_COMMON_BLOCKS = YES;
				GCC_WARN_64_TO_32_BIT_CONVERSION = YES;
				GCC_WARN_ABOUT_RETURN_TYPE = YES_ERROR;
				GCC_WARN_UNDECLARED_SELECTOR = YES;
				GCC_WARN_UNINITIALIZED_AUTOS = YES_AGGRESSIVE;
				GCC_WARN_UNUSED_FUNCTION = YES;
				GCC_WARN_UNUSED_VARIABLE = YES;
				IPHONEOS_DEPLOYMENT_TARGET = 11.2;
				MTL_ENABLE_DEBUG_INFO = NO;
				SDKROOT = iphoneos;
				SWIFT_OPTIMIZATION_LEVEL = "-Owholemodule";
				VALIDATE_PRODUCT = YES;
			};
			name = Release;
		};
		9A4E171B2062DA020004AD98 /* Debug */ = {
			isa = XCBuildConfiguration;
			baseConfigurationReference = 42541A209691C12FACC95324 /* Pods-WeatherApp.debug.xcconfig */;
			buildSettings = {
				ASSETCATALOG_COMPILER_APPICON_NAME = AppIcon;
				CODE_SIGN_STYLE = Automatic;
				DEVELOPMENT_TEAM = YZBZK7PS8D;
				INFOPLIST_FILE = WeatherApp/Info.plist;
				LD_RUNPATH_SEARCH_PATHS = "$(inherited) @executable_path/Frameworks";
				PRODUCT_BUNDLE_IDENTIFIER = rkuraj.WeatherApp;
				PRODUCT_NAME = "$(TARGET_NAME)";
				SWIFT_VERSION = 4.0;
				TARGETED_DEVICE_FAMILY = "1,2";
			};
			name = Debug;
		};
		9A4E171C2062DA020004AD98 /* Release */ = {
			isa = XCBuildConfiguration;
			baseConfigurationReference = 6A78B51494EB3E4725E22F94 /* Pods-WeatherApp.release.xcconfig */;
			buildSettings = {
				ASSETCATALOG_COMPILER_APPICON_NAME = AppIcon;
				CODE_SIGN_STYLE = Automatic;
				DEVELOPMENT_TEAM = YZBZK7PS8D;
				INFOPLIST_FILE = WeatherApp/Info.plist;
				LD_RUNPATH_SEARCH_PATHS = "$(inherited) @executable_path/Frameworks";
				PRODUCT_BUNDLE_IDENTIFIER = rkuraj.WeatherApp;
				PRODUCT_NAME = "$(TARGET_NAME)";
				SWIFT_VERSION = 4.0;
				TARGETED_DEVICE_FAMILY = "1,2";
			};
			name = Release;
		};
/* End XCBuildConfiguration section */

/* Begin XCConfigurationList section */
		9A4E17032062DA020004AD98 /* Build configuration list for PBXProject "WeatherApp" */ = {
			isa = XCConfigurationList;
			buildConfigurations = (
				9A4E17182062DA020004AD98 /* Debug */,
				9A4E17192062DA020004AD98 /* Release */,
			);
			defaultConfigurationIsVisible = 0;
			defaultConfigurationName = Release;
		};
		9A4E171A2062DA020004AD98 /* Build configuration list for PBXNativeTarget "WeatherApp" */ = {
			isa = XCConfigurationList;
			buildConfigurations = (
				9A4E171B2062DA020004AD98 /* Debug */,
				9A4E171C2062DA020004AD98 /* Release */,
			);
			defaultConfigurationIsVisible = 0;
			defaultConfigurationName = Release;
		};
/* End XCConfigurationList section */
	};
	rootObject = 9A4E17002062DA020004AD98 /* Project object */;
}
